hash: 8c1e10c9ebfb57f164c43b9bc5264a4155d24088b3e2689eaee698634f8a0bef
updated: 2017-07-31T22:44:52.963115007+08:00
imports:
- name: github.com/fsnotify/fsnotify
  version: 4da3e2cfbabc9f751898f250b49f2439785783a1
- name: github.com/google/go-querystring
  version: 53e6ce116135b80d037921a7fdd5138cf32d7a8a
  subpackages:
  - query
- name: github.com/hashicorp/hcl
  version: 392dba7d905ed5d04a5794ba89f558b27e2ba1ca
  subpackages:
  - hcl/ast
  - hcl/parser
  - hcl/scanner
  - hcl/strconv
  - hcl/token
  - json/parser
  - json/scanner
  - json/token
- name: github.com/inconshreveable/mousetrap
  version: 76626ae9c91c4f2a10f34cad8ce83ea42c93bb75
- name: github.com/magiconair/properties
  version: be5ece7dd465ab0765a9682137865547526d1dfb
- name: github.com/mattn/go-colorable
  version: 040dd0b833b34b4182673409ada4df2853b26537
- name: github.com/mattn/go-isatty
  version: fc9e8d8ef48496124e79ae0df75490096eccf6fe
- name: github.com/mattn/go-runewidth
  version: 97311d9f7767e3d6f422ea06661bc2c7a19e8a5d
- name: github.com/mgutz/ansi
  version: 9520e82c474b0a04dd04f8a40959027271bab992
- name: github.com/mitchellh/go-homedir
  version: b8bc1bf767474819792c23f32d8286a45736f1c6
- name: github.com/mitchellh/mapstructure
  version: d0303fe809921458f417bcf828397a65db30a7e4
- name: github.com/mozillazg/go-cos
  version: cccb782a36fafccbda9f9e667d7098be1c8bd323
- name: github.com/mozillazg/go-httpheader
  version: fcf1e196bc6f884f5e97d5084c83feb917e15b08
- name: github.com/olekukonko/tablewriter
  version: be5337e7b39e64e5f91445ce7e721888dbab7387
- name: github.com/pelletier/go-toml
  version: 69d355db5304c0f7f809a2edc054553e7142f016
- name: github.com/sirupsen/logrus
  version: a3f95b5c423586578a4e099b11a46c2479628cac
- name: github.com/spf13/afero
  version: 9be650865eab0c12963d8753212f4f9c66cdcf12
  subpackages:
  - mem
- name: github.com/spf13/cast
  version: acbeb36b902d72a7a4c18e8f3241075e7ab763e4
- name: github.com/spf13/cobra
  version: 3da102d464b7d49ad9be566635716ac947fb3f99
- name: github.com/spf13/jwalterweatherman
  version: 0efa5202c04663c757d84f90f5219c1250baf94f
- name: github.com/spf13/pflag
  version: e57e3eeb33f795204c1ca35f56c44f83227c6e66
- name: github.com/spf13/viper
  version: 25b30aa063fc18e48662b86996252eabdcf2f0c7
- name: github.com/vbauerster/mpb
  version: 6eaf1d37208615a84bae7f98742fe21a34523138
  subpackages:
  - cwriter
  - decor
- name: github.com/x-cray/logrus-prefixed-formatter
  version: bb2702d423886830dee131692131d35648c382e2
- name: golang.org/x/crypto
  version: 558b6879de74bc843225cde5686419267ff707ca
  subpackages:
  - ssh/terminal
- name: golang.org/x/sys
  version: 0f826bdd13b500be0f1d4004938ad978fcc6031e
  subpackages:
  - unix
- name: golang.org/x/text
  version: 3bd178b88a8180be2df394a1fbb81313916f0e7b
  subpackages:
  - transform
  - unicode/norm
- name: gopkg.in/yaml.v2
  version: 25c4ec802a7d637f88d584ab26798e94ad14c13b
testImports: []
